
Microsoft Visual Studio Solution File, Format Version 12.00
# Visual Studio Version 16
VisualStudioVersion = 16.0.32002.261
MinimumVisualStudioVersion = 10.0.40219.1
Project("{FAE04EC0-301F-11D3-BF4B-00C04F79EFBC}") = "AbstractionDemo", "AbstractionDemo\AbstractionDemo.csproj", "{B74B0577-F99C-4B05-AAFF-2CB48806036C}"
EndProject
Global
	GlobalSection(SolutionConfigurationPlatforms) = preSolution
		Debug|Any CPU = Debug|Any CPU
		Release|Any CPU = Release|Any CPU
	EndGlobalSection
	GlobalSection(ProjectConfigurationPlatforms) = postSolution
		{B74B0577-F99C-4B05-AAFF-2CB48806036C}.Debug|Any CPU.ActiveCfg = Debug|Any CPU
		{B74B0577-F99C-4B05-AAFF-2CB48806036C}.Debug|Any CPU.Build.0 = Debug|Any CPU
		{B74B0577-F99C-4B05-AAFF-2CB48806036C}.Release|Any CPU.ActiveCfg = Release|Any CPU
		{B74B0577-F99C-4B05-AAFF-2CB48806036C}.Release|Any CPU.Build.0 = Release|Any CPU
	EndGlobalSection
	GlobalSection(SolutionProperties) = preSolution
		HideSolutionNode = FALSE
	EndGlobalSection
	GlobalSection(ExtensibilityGlobals) = postSolution
		SolutionGuid = {47ADB9C2-798D-458C-B53E-90F3CA21776A}
	EndGlobalSection
EndGlobal
